<?xml version="1.0" encoding="utf-8"?>
<Project ToolsVersion="4.0" xmlns="http://schemas.microsoft.com/developer/msbuild/2003">
  <ItemGroup>
    <Filter Include="Source Files">
      <UniqueIdentifier>{4FC737F1-C7A5-4376-A066-2A32D752A2FF}</UniqueIdentifier>
      <Extensions>cpp;c;cc;cxx;def;odl;idl;hpj;bat;asm;asmx</Extensions>
    </Filter>
    <Filter Include="Header Files">
      <UniqueIdentifier>{93995380-89BD-4b04-88EB-625FBE52EBFB}</UniqueIdentifier>
      <Extensions>h;hh;hpp;hxx;hm;inl;inc;xsd</Extensions>
    </Filter>
    <Filter Include="Resource Files">
      <UniqueIdentifier>{67DA6AB6-F800-4c08-8B7A-83BB121AAD01}</UniqueIdentifier>
      <Extensions>rc;ico;cur;bmp;dlg;rc2;rct;bin;rgs;gif;jpg;jpeg;jpe;resx;tiff;tif;png;wav;mfcribbon-ms</Extensions>
    </Filter>
  </ItemGroup>
  <ItemGroup>
    <ClCompile Include="DebugTools\Profiling\Profiler.cpp">
      <Filter>Source Files</Filter>
    </ClCompile>
    <ClCompile Include="Timing\Game_Clock.cpp">
      <Filter>Source Files</Filter>
    </ClCompile>
    <ClCompile Include="Timing\Stopwatch.cpp">
      <Filter>Source Files</Filter>
    </ClCompile>
    <ClCompile Include="Entities\Components\Physics_Component.cpp">
      <Filter>Source Files</Filter>
    </ClCompile>
    <ClCompile Include="Entities\Components\Border_Handler_Component.cpp">
      <Filter>Source Files</Filter>
    </ClCompile>
    <ClCompile Include="Rendering\Renderer.cpp">
      <Filter>Source Files</Filter>
    </ClCompile>
    <ClCompile Include="Shapes\Geometry_Creation\Shape_Generator.cpp">
      <Filter>Source Files</Filter>
    </ClCompile>
    <ClCompile Include="Utilities\Printer_Helper.cpp">
      <Filter>Source Files</Filter>
    </ClCompile>
    <ClCompile Include="Rendering\Camera.cpp">
      <Filter>Source Files</Filter>
    </ClCompile>
    <ClCompile Include="Utilities\Shader_Maker.cpp">
      <Filter>Source Files</Filter>
    </ClCompile>
    <ClCompile Include="Entities\Components\Controller_Component.cpp">
      <Filter>Source Files</Filter>
    </ClCompile>
    <ClCompile Include="Input\Key_Bindings\Keyboard_Bindings.cpp">
      <Filter>Source Files</Filter>
    </ClCompile>
    <ClCompile Include="Entities\Entity.cpp">
      <Filter>Source Files</Filter>
    </ClCompile>
    <ClCompile Include="Utilities\Quaternion_Helper.cpp">
      <Filter>Source Files</Filter>
    </ClCompile>
    <ClCompile Include="Entities\Components\AABB_Component.cpp">
      <Filter>Source Files</Filter>
    </ClCompile>
    <ClCompile Include="Start_Engine.cpp">
      <Filter>Source Files</Filter>
    </ClCompile>
    <ClCompile Include="Math\F_Quat.cpp">
      <Filter>Source Files</Filter>
    </ClCompile>
    <ClCompile Include="Math\F_Dual_Quat.cpp">
      <Filter>Source Files</Filter>
    </ClCompile>
    <ClCompile Include="Math\F_Dual_Number.cpp">
      <Filter>Source Files</Filter>
    </ClCompile>
    <ClCompile Include="Collision_Detection\Collision_Handler.cpp">
      <Filter>Source Files</Filter>
    </ClCompile>
    <ClCompile Include="Shapes\Geometry_Creation\Arcsynthesis_XML_Reader.cpp">
      <Filter>Source Files</Filter>
    </ClCompile>
    <ClCompile Include="Rendering\Renderable.cpp">
      <Filter>Source Files</Filter>
    </ClCompile>
    <ClCompile Include="Scene\Scene_Data.cpp">
      <Filter>Source Files</Filter>
    </ClCompile>
    <ClCompile Include="Shapes\Geometry.cpp">
      <Filter>Source Files</Filter>
    </ClCompile>
    <ClCompile Include="EngineExperiments.cpp">
      <Filter>Source Files</Filter>
    </ClCompile>
    <ClCompile Include="Utilities\FreeTypeAtlas.cpp">
      <Filter>Source Files</Filter>
    </ClCompile>
    <ClCompile Include="Utilities\FreeTypeEncapsulate.cpp">
      <Filter>Source Files</Filter>
    </ClCompile>
    <ClCompile Include="Utilities\ShaderManager.cpp">
      <Filter>Source Files</Filter>
    </ClCompile>
    <ClCompile Include="Rendering\FrameRateCounter.cpp">
      <Filter>Source Files</Filter>
    </ClCompile>
  </ItemGroup>
  <ItemGroup>
    <ClInclude Include="DebugTools\Profiling\Profiler.h">
      <Filter>Header Files</Filter>
    </ClInclude>
    <ClInclude Include="Timing\Game_Clock.h">
      <Filter>Header Files</Filter>
    </ClInclude>
    <ClInclude Include="Timing\Stopwatch.h">
      <Filter>Header Files</Filter>
    </ClInclude>
    <ClInclude Include="Entities\Game_Component.h">
      <Filter>Header Files</Filter>
    </ClInclude>
    <ClInclude Include="Entities\Components\Physics_Component.h">
      <Filter>Header Files</Filter>
    </ClInclude>
    <ClInclude Include="Entities\Components\Border_Handler_Component.h">
      <Filter>Header Files</Filter>
    </ClInclude>
    <ClInclude Include="Rendering\Renderable.h">
      <Filter>Header Files</Filter>
    </ClInclude>
    <ClInclude Include="Rendering\Renderer.h">
      <Filter>Header Files</Filter>
    </ClInclude>
    <ClInclude Include="Utilities\Helper_Macros.h">
      <Filter>Header Files</Filter>
    </ClInclude>
    <ClInclude Include="Utilities\Typedefs.h">
      <Filter>Header Files</Filter>
    </ClInclude>
    <ClInclude Include="Shapes\Shape_Data.h">
      <Filter>Header Files</Filter>
    </ClInclude>
    <ClInclude Include="Shapes\Geometry.h">
      <Filter>Header Files</Filter>
    </ClInclude>
    <ClInclude Include="Shapes\Geometry_Creation\Shape_Generator.h">
      <Filter>Header Files</Filter>
    </ClInclude>
    <ClInclude Include="Shapes\My_Vertex.h">
      <Filter>Header Files</Filter>
    </ClInclude>
    <ClInclude Include="Utilities\Printer_Helper.h">
      <Filter>Header Files</Filter>
    </ClInclude>
    <ClInclude Include="Rendering\Camera.h">
      <Filter>Header Files</Filter>
    </ClInclude>
    <ClInclude Include="Utilities\Shader_Maker.h">
      <Filter>Header Files</Filter>
    </ClInclude>
    <ClInclude Include="Entities\Components\Controller_Component.h">
      <Filter>Header Files</Filter>
    </ClInclude>
    <ClInclude Include="Input\Key_Bindings\Keyboard_Bindings.h">
      <Filter>Header Files</Filter>
    </ClInclude>
    <ClInclude Include="Input\Action_List.h">
      <Filter>Header Files</Filter>
    </ClInclude>
    <ClInclude Include="Input\I_Key_Bindings.h">
      <Filter>Header Files</Filter>
    </ClInclude>
    <ClInclude Include="Input\Supported_Bindings.h">
      <Filter>Header Files</Filter>
    </ClInclude>
    <ClInclude Include="Entities\Entity.h">
      <Filter>Header Files</Filter>
    </ClInclude>
    <ClInclude Include="Utilities\My_Assert.h">
      <Filter>Header Files</Filter>
    </ClInclude>
    <ClInclude Include="Utilities\Include_Helpers\Default_Vectors.h">
      <Filter>Header Files</Filter>
    </ClInclude>
    <ClInclude Include="Utilities\Include_Helpers\GL_Version.h">
      <Filter>Header Files</Filter>
    </ClInclude>
    <ClInclude Include="Utilities\Include_Helpers\GLM_Dual_Quaternion.h">
      <Filter>Header Files</Filter>
    </ClInclude>
    <ClInclude Include="Utilities\Include_Helpers\GLM_Mat_Transform.h">
      <Filter>Header Files</Filter>
    </ClInclude>
    <ClInclude Include="Utilities\Include_Helpers\GLM_Quaternion.h">
      <Filter>Header Files</Filter>
    </ClInclude>
    <ClInclude Include="Utilities\Include_Helpers\Windows_Lite.h">
      <Filter>Header Files</Filter>
    </ClInclude>
    <ClInclude Include="Entities\Components\AABB_Component.h">
      <Filter>Header Files</Filter>
    </ClInclude>
    <ClInclude Include="Start_Engine.h">
      <Filter>Header Files</Filter>
    </ClInclude>
    <ClInclude Include="Math\F_Quat.h">
      <Filter>Header Files</Filter>
    </ClInclude>
    <ClInclude Include="Math\F_Dual_Quat.h">
      <Filter>Header Files</Filter>
    </ClInclude>
    <ClInclude Include="Math\F_Dual_Number.h">
      <Filter>Header Files</Filter>
    </ClInclude>
    <ClInclude Include="Utilities\Quaternion_Helper.h">
      <Filter>Header Files</Filter>
    </ClInclude>
    <ClInclude Include="Collision_Detection\Collision_Handler.h">
      <Filter>Header Files</Filter>
    </ClInclude>
    <ClInclude Include="Shapes\Geometry_Creation\Arcsynthesis_XML_Reader.h">
      <Filter>Header Files</Filter>
    </ClInclude>
    <ClInclude Include="Shapes\Index_Meta_Data.h">
      <Filter>Header Files</Filter>
    </ClInclude>
    <ClInclude Include="Utilities\My_Constants.h">
      <Filter>Header Files</Filter>
    </ClInclude>
    <ClInclude Include="Scene\Scene_Data.h">
      <Filter>Header Files</Filter>
    </ClInclude>
    <ClInclude Include="Shapes\Shape_Meta_Data.h">
      <Filter>Header Files</Filter>
    </ClInclude>
    <ClInclude Include="EngineExperiments.h">
      <Filter>Header Files</Filter>
    </ClInclude>
    <ClInclude Include="Utilities\FreeTypeAtlas.h">
      <Filter>Header Files</Filter>
    </ClInclude>
    <ClInclude Include="Utilities\FreeTypeEncapsulate.h">
      <Filter>Header Files</Filter>
    </ClInclude>
    <ClInclude Include="Rendering\FrameRateCounter.h">
      <Filter>Header Files</Filter>
    </ClInclude>
    <ClInclude Include="Utilities\ShaderManager.h">
      <Filter>Header Files</Filter>
    </ClInclude>
  </ItemGroup>
  <ItemGroup>
    <Text Include="Entities\overview_of_entity_use.txt" />
    <Text Include="Input\overview_of_inputs.txt" />
    <Text Include="thoughts_on_message_flow.txt" />
    <Text Include="Rendering\thoughts_on_camera_control.txt" />
  </ItemGroup>
</Project>